<?xml version="1.0" encoding="utf-8"?>
<Project ToolsVersion="4.0" xmlns="http://schemas.microsoft.com/developer/msbuild/2003">
  <ItemGroup>
    <Filter Include="resource">
      <UniqueIdentifier>{dee20fff-91e1-47a7-a6d0-7afe20149af7}</UniqueIdentifier>
    </Filter>
    <Filter Include="src">
      <UniqueIdentifier>{0484731c-1700-4f43-b1fe-c59a63d17fdc}</UniqueIdentifier>
    </Filter>
  </ItemGroup>
  <ItemGroup>
    <ClInclude Include="src\framework.h">
      <Filter>src</Filter>
    </ClInclude>
    <ClInclude Include="src\pch.h">
      <Filter>src</Filter>
    </ClInclude>
    <ClInclude Include="src\server.h">
      <Filter>src</Filter>
    </ClInclude>
    <ClInclude Include="src\targetver.h">
      <Filter>src</Filter>
    </ClInclude>
    <ClInclude Include="resources\Resource.h">
      <Filter>resource</Filter>
    </ClInclude>
  </ItemGroup>
  <ItemGroup>
    <ClCompile Include="src\pch.cpp">
      <Filter>src</Filter>
    </ClCompile>
    <ClCompile Include="src\server.cpp">
      <Filter>src</Filter>
    </ClCompile>
  </ItemGroup>
  <ItemGroup>
    <ResourceCompile Include="resources\server.rc">
      <Filter>resource</Filter>
    </ResourceCompile>
  </ItemGroup>
</Project>